
Microsoft Visual Studio Solution File, Format Version 12.00
# Visual Studio Version 17
VisualStudioVersion = 17.14.36109.1 d17.14
MinimumVisualStudioVersion = 10.0.40219.1
Project("{FAE04EC0-301F-11D3-BF4B-00C04F79EFBC}") = "projectnew", "projectnew\projectnew.csproj", "{2695E85E-E5D1-445A-94A3-A143CDDC1866}"
EndProject
Global
	GlobalSection(SolutionConfigurationPlatforms) = preSolution
		Debug|Any CPU = Debug|Any CPU
		Release|Any CPU = Release|Any CPU
	EndGlobalSection
	GlobalSection(ProjectConfigurationPlatforms) = postSolution
		{2695E85E-E5D1-445A-94A3-A143CDDC1866}.Debug|Any CPU.ActiveCfg = Debug|Any CPU
		{2695E85E-E5D1-445A-94A3-A143CDDC1866}.Debug|Any CPU.Build.0 = Debug|Any CPU
		{2695E85E-E5D1-445A-94A3-A143CDDC1866}.Release|Any CPU.ActiveCfg = Release|Any CPU
		{2695E85E-E5D1-445A-94A3-A143CDDC1866}.Release|Any CPU.Build.0 = Release|Any CPU
	EndGlobalSection
	GlobalSection(SolutionProperties) = preSolution
		HideSolutionNode = FALSE
	EndGlobalSection
	GlobalSection(ExtensibilityGlobals) = postSolution
		SolutionGuid = {1ECC6EC7-E878-4519-82E8-46C3755BD71F}
	EndGlobalSection
EndGlobal
